<?xml version="1.0" encoding="utf-8"?>
<Project ToolsVersion="4.0" xmlns="http://schemas.microsoft.com/developer/msbuild/2003">
  <ItemGroup>
    <Filter Include="Исходные файлы">
      <UniqueIdentifier>{4FC737F1-C7A5-4376-A066-2A32D752A2FF}</UniqueIdentifier>
      <Extensions>cpp;c;cc;cxx;def;odl;idl;hpj;bat;asm;asmx</Extensions>
    </Filter>
    <Filter Include="Файлы заголовков">
      <UniqueIdentifier>{93995380-89BD-4b04-88EB-625FBE52EBFB}</UniqueIdentifier>
      <Extensions>h;hh;hpp;hxx;hm;inl;inc;ipp;xsd</Extensions>
    </Filter>
    <Filter Include="Файлы ресурсов">
      <UniqueIdentifier>{67DA6AB6-F800-4c08-8B7A-83BB121AAD01}</UniqueIdentifier>
      <Extensions>rc;ico;cur;bmp;dlg;rc2;rct;bin;rgs;gif;jpg;jpeg;jpe;resx;tiff;tif;png;wav;mfcribbon-ms</Extensions>
    </Filter>
    <Filter Include="Файлы заголовков\Console">
      <UniqueIdentifier>{92f56d38-f8fa-4fad-abab-6c595a3fcbfb}</UniqueIdentifier>
    </Filter>
    <Filter Include="Файлы заголовков\Interfaces">
      <UniqueIdentifier>{ccfd5445-e9a9-4173-87dd-7b5b3daf89c6}</UniqueIdentifier>
    </Filter>
    <Filter Include="Файлы заголовков\Exception">
      <UniqueIdentifier>{261431c5-0f3b-457d-a4ae-107d39ec4a3a}</UniqueIdentifier>
    </Filter>
    <Filter Include="Файлы заголовков\Containers">
      <UniqueIdentifier>{8d9db1d9-0b00-4ad6-a42e-1ecf96469f0d}</UniqueIdentifier>
    </Filter>
    <Filter Include="Исходные файлы\Containers">
      <UniqueIdentifier>{9dccbf50-ce68-42f7-b30b-cc31ce9f64b6}</UniqueIdentifier>
    </Filter>
    <Filter Include="Исходные файлы\Console">
      <UniqueIdentifier>{e18be411-561f-457f-8cd7-95d5c81fdd3b}</UniqueIdentifier>
    </Filter>
    <Filter Include="Файлы заголовков\Factory">
      <UniqueIdentifier>{10d629fb-ce81-4cc4-be7a-41d37958a23d}</UniqueIdentifier>
    </Filter>
    <Filter Include="Исходные файлы\Factory">
      <UniqueIdentifier>{e1b5e0ee-1e96-443e-820c-853e7cf554d5}</UniqueIdentifier>
    </Filter>
  </ItemGroup>
  <ItemGroup>
    <ClCompile Include="Izmaylov_lab1.cpp">
      <Filter>Исходные файлы</Filter>
    </ClCompile>
    <ClCompile Include="StackList.cpp">
      <Filter>Исходные файлы\Containers</Filter>
    </ClCompile>
    <ClCompile Include="StackMassive.cpp">
      <Filter>Исходные файлы\Containers</Filter>
    </ClCompile>
    <ClCompile Include="Queue.cpp">
      <Filter>Исходные файлы\Containers</Filter>
    </ClCompile>
    <ClCompile Include="ConsoleIteractor.cpp">
      <Filter>Исходные файлы\Console</Filter>
    </ClCompile>
    <ClCompile Include="Factory.cpp">
      <Filter>Исходные файлы\Factory</Filter>
    </ClCompile>
  </ItemGroup>
  <ItemGroup>
    <ClInclude Include="ContainerException.h">
      <Filter>Файлы заголовков\Exception</Filter>
    </ClInclude>
    <ClInclude Include="Queue.h">
      <Filter>Файлы заголовков\Containers</Filter>
    </ClInclude>
    <ClInclude Include="StackList.h">
      <Filter>Файлы заголовков\Containers</Filter>
    </ClInclude>
    <ClInclude Include="StackMassive.h">
      <Filter>Файлы заголовков\Containers</Filter>
    </ClInclude>
    <ClInclude Include="Container.h">
      <Filter>Файлы заголовков\Interfaces</Filter>
    </ClInclude>
    <ClInclude Include="Factory.h">
      <Filter>Файлы заголовков\Factory</Filter>
    </ClInclude>
    <ClInclude Include="ConsoleIteractor.h">
      <Filter>Файлы заголовков\Console</Filter>
    </ClInclude>
  </ItemGroup>
  <ItemGroup>
    <None Include="ClassDiagram.cd">
      <Filter>Файлы ресурсов</Filter>
    </None>
    <None Include="ClassDiagram1.cd" />
  </ItemGroup>
</Project>